<?xml version="1.0" encoding="utf-8"?>
<Project ToolsVersion="4.0" xmlns="http://schemas.microsoft.com/developer/msbuild/2003">
  <ItemGroup>
    <ClCompile Include="Controller.cpp">
      <Filter>Source Files\Engine</Filter>
    </ClCompile>
    <ClCompile Include="Game.cpp">
      <Filter>Source Files\Engine</Filter>
    </ClCompile>
    <ClCompile Include="Model.cpp">
      <Filter>Source Files\Engine</Filter>
    </ClCompile>
    <ClCompile Include="Render.cpp">
      <Filter>Source Files\Engine</Filter>
    </ClCompile>
    <ClCompile Include="Entity.cpp">
      <Filter>Source Files\Objects</Filter>
    </ClCompile>
    <ClCompile Include="Sound.cpp">
      <Filter>Source Files\Objects</Filter>
    </ClCompile>
    <ClCompile Include="Enemy.cpp">
      <Filter>Source Files\Objects\Actors</Filter>
    </ClCompile>
    <ClCompile Include="Player.cpp">
      <Filter>Source Files\Objects\Actors</Filter>
    </ClCompile>
    <ClCompile Include="Actor.cpp">
      <Filter>Source Files\Objects\Actors</Filter>
    </ClCompile>
    <ClCompile Include="Projectile.cpp">
      <Filter>Source Files\Objects\Attacks</Filter>
    </ClCompile>
    <ClCompile Include="Attack.cpp">
      <Filter>Source Files\Objects\Attacks</Filter>
    </ClCompile>
    <ClCompile Include="MeleeAttack.cpp">
      <Filter>Source Files\Objects\Attacks</Filter>
    </ClCompile>
    <ClCompile Include="UseableItem.cpp">
      <Filter>Source Files\Objects\Items</Filter>
    </ClCompile>
    <ClCompile Include="Equipment.cpp">
      <Filter>Source Files\Objects\Items</Filter>
    </ClCompile>
    <ClCompile Include="Tile.cpp">
      <Filter>Source Files\Objects\Tiles</Filter>
    </ClCompile>
    <ClCompile Include="SolidTile.cpp">
      <Filter>Source Files\Objects\Tiles</Filter>
    </ClCompile>
    <ClCompile Include="LadderTile.cpp">
      <Filter>Source Files\Objects\Tiles</Filter>
    </ClCompile>
    <ClCompile Include="Main.cpp">
      <Filter>Source Files</Filter>
    </ClCompile>
    <ClCompile Include="Item.cpp">
      <Filter>Source Files\Objects\Items</Filter>
    </ClCompile>
    <ClCompile Include="Loot.cpp">
      <Filter>Source Files\Objects\Items</Filter>
    </ClCompile>
    <ClCompile Include="CraftingMenu.cpp">
      <Filter>Source Files\Engine\Menus</Filter>
    </ClCompile>
    <ClCompile Include="InventoryMenu.cpp">
      <Filter>Source Files\Engine\Menus</Filter>
    </ClCompile>
    <ClCompile Include="Inventory.cpp">
      <Filter>Source Files\Engine</Filter>
    </ClCompile>
    <ClCompile Include="TopTile.cpp">
      <Filter>Source Files\Objects\Tiles</Filter>
    </ClCompile>
    <ClCompile Include="AssetManager.cpp">
      <Filter>Source Files\Engine</Filter>
    </ClCompile>
    <ClCompile Include="LevelManager.cpp">
      <Filter>Source Files\Engine</Filter>
    </ClCompile>
    <ClCompile Include="ItemManager.cpp">
      <Filter>Source Files\Engine</Filter>
    </ClCompile>
    <ClCompile Include="ObjectiveTile.cpp">
      <Filter>Source Files\Objects\Tiles</Filter>
    </ClCompile>
    <ClCompile Include="ObjectiveEnemy.cpp">
      <Filter>Source Files\Objects\Actors</Filter>
    </ClCompile>
  </ItemGroup>
  <ItemGroup>
    <ClInclude Include="Renderable.h">
      <Filter>Header Files\Interfaces</Filter>
    </ClInclude>
    <ClInclude Include="WorldObject.h">
      <Filter>Header Files\Interfaces</Filter>
    </ClInclude>
    <ClInclude Include="Updatable.h">
      <Filter>Header Files\Interfaces</Filter>
    </ClInclude>
    <ClInclude Include="Controller.h">
      <Filter>Header Files\Engine</Filter>
    </ClInclude>
    <ClInclude Include="Game.h">
      <Filter>Header Files\Engine</Filter>
    </ClInclude>
    <ClInclude Include="Model.h">
      <Filter>Header Files\Engine</Filter>
    </ClInclude>
    <ClInclude Include="Render.h">
      <Filter>Header Files\Engine</Filter>
    </ClInclude>
    <ClInclude Include="Entity.h">
      <Filter>Header Files\Objects</Filter>
    </ClInclude>
    <ClInclude Include="Sound.h">
      <Filter>Header Files\Objects</Filter>
    </ClInclude>
    <ClInclude Include="Actor.h">
      <Filter>Header Files\Objects\Actors</Filter>
    </ClInclude>
    <ClInclude Include="Enemy.h">
      <Filter>Header Files\Objects\Actors</Filter>
    </ClInclude>
    <ClInclude Include="Player.h">
      <Filter>Header Files\Objects\Actors</Filter>
    </ClInclude>
    <ClInclude Include="MeleeAttack.h">
      <Filter>Header Files\Objects\Attacks</Filter>
    </ClInclude>
    <ClInclude Include="Projectile.h">
      <Filter>Header Files\Objects\Attacks</Filter>
    </ClInclude>
    <ClInclude Include="Attack.h">
      <Filter>Header Files\Objects\Attacks</Filter>
    </ClInclude>
    <ClInclude Include="UseableItem.h">
      <Filter>Header Files\Objects\Items</Filter>
    </ClInclude>
    <ClInclude Include="Equipment.h">
      <Filter>Header Files\Objects\Items</Filter>
    </ClInclude>
    <ClInclude Include="LadderTile.h">
      <Filter>Header Files\Objects\Tiles</Filter>
    </ClInclude>
    <ClInclude Include="SolidTile.h">
      <Filter>Header Files\Objects\Tiles</Filter>
    </ClInclude>
    <ClInclude Include="Tile.h">
      <Filter>Header Files\Objects\Tiles</Filter>
    </ClInclude>
    <ClInclude Include="resource.h">
      <Filter>Header Files</Filter>
    </ClInclude>
    <ClInclude Include="Item.h">
      <Filter>Header Files\Objects\Items</Filter>
    </ClInclude>
    <ClInclude Include="Loot.h">
      <Filter>Header Files\Objects\Items</Filter>
    </ClInclude>
    <ClInclude Include="CraftingMenu.h">
      <Filter>Header Files\Engine\Menus</Filter>
    </ClInclude>
    <ClInclude Include="Inputable.h">
      <Filter>Header Files\Interfaces</Filter>
    </ClInclude>
    <ClInclude Include="InventoryMenu.h">
      <Filter>Header Files\Engine\Menus</Filter>
    </ClInclude>
    <ClInclude Include="Inventory.h">
      <Filter>Header Files\Engine</Filter>
    </ClInclude>
    <ClInclude Include="TopTile.h">
      <Filter>Header Files\Objects\Tiles</Filter>
    </ClInclude>
    <ClInclude Include="AssetManager.h">
      <Filter>Header Files\Engine</Filter>
    </ClInclude>
    <ClInclude Include="LevelManager.h">
      <Filter>Header Files\Engine</Filter>
    </ClInclude>
    <ClInclude Include="ItemManager.h">
      <Filter>Header Files\Engine</Filter>
    </ClInclude>
    <ClInclude Include="Objective.h">
      <Filter>Header Files\Interfaces</Filter>
    </ClInclude>
    <ClInclude Include="ObjectiveTile.h">
      <Filter>Header Files\Objects\Tiles</Filter>
    </ClInclude>
    <ClInclude Include="ObjectiveEnemy.h">
      <Filter>Header Files\Objects\Actors</Filter>
    </ClInclude>
  </ItemGroup>
  <ItemGroup>
    <Filter Include="Header Files">
      <UniqueIdentifier>{d28b35b2-077c-49b2-afb4-d9a509057b8a}</UniqueIdentifier>
    </Filter>
    <Filter Include="Source Files">
      <UniqueIdentifier>{4c820f74-81ae-4b1f-97d1-6e526b1fe376}</UniqueIdentifier>
    </Filter>
    <Filter Include="Resource Files">
      <UniqueIdentifier>{01497412-6b46-4bbe-b1d0-87e8c8b5ba92}</UniqueIdentifier>
    </Filter>
    <Filter Include="Header Files\Interfaces">
      <UniqueIdentifier>{81947921-f93e-466e-bae4-d7a673373665}</UniqueIdentifier>
    </Filter>
    <Filter Include="Header Files\Engine">
      <UniqueIdentifier>{d8cb6f33-de57-405f-983e-4c42ac8197cd}</UniqueIdentifier>
    </Filter>
    <Filter Include="Header Files\Objects">
      <UniqueIdentifier>{72473c0d-0dd0-4a9f-b860-a6dd349796d6}</UniqueIdentifier>
    </Filter>
    <Filter Include="Header Files\Objects\Actors">
      <UniqueIdentifier>{91c090cc-d843-4fdd-a0ee-0fb3470628e6}</UniqueIdentifier>
    </Filter>
    <Filter Include="Header Files\Objects\Attacks">
      <UniqueIdentifier>{44bea5a6-7075-4421-aac9-034c10d584ff}</UniqueIdentifier>
    </Filter>
    <Filter Include="Header Files\Objects\Items">
      <UniqueIdentifier>{e84af839-52d3-4a54-9ba7-d8bad896b4e7}</UniqueIdentifier>
    </Filter>
    <Filter Include="Header Files\Objects\Tiles">
      <UniqueIdentifier>{3cba4604-080a-453f-beb0-0d16444e9942}</UniqueIdentifier>
    </Filter>
    <Filter Include="Source Files\Engine">
      <UniqueIdentifier>{1d0239f9-0bd2-4153-b1c3-46249921b288}</UniqueIdentifier>
    </Filter>
    <Filter Include="Source Files\Objects">
      <UniqueIdentifier>{38c14d6b-5540-444e-98c4-e189fd770529}</UniqueIdentifier>
    </Filter>
    <Filter Include="Source Files\Objects\Actors">
      <UniqueIdentifier>{09202ac4-da25-481d-ab6d-283624d23950}</UniqueIdentifier>
    </Filter>
    <Filter Include="Source Files\Objects\Attacks">
      <UniqueIdentifier>{fc6235b9-20a1-45df-91f4-e14f57c394bb}</UniqueIdentifier>
    </Filter>
    <Filter Include="Source Files\Objects\Items">
      <UniqueIdentifier>{60beff04-952b-4701-89cf-0ad671da85ed}</UniqueIdentifier>
    </Filter>
    <Filter Include="Source Files\Objects\Tiles">
      <UniqueIdentifier>{b68dbabf-5f91-468f-b2b0-0d41a93763d3}</UniqueIdentifier>
    </Filter>
    <Filter Include="Header Files\Engine\Menus">
      <UniqueIdentifier>{44e5c4d1-bd76-4cad-a513-c29135652fff}</UniqueIdentifier>
    </Filter>
    <Filter Include="Source Files\Engine\Menus">
      <UniqueIdentifier>{5ebd524d-4289-4700-997b-ca29172fd2d5}</UniqueIdentifier>
    </Filter>
  </ItemGroup>
  <ItemGroup>
    <ResourceCompile Include="Final Project.rc">
      <Filter>Resource Files</Filter>
    </ResourceCompile>
  </ItemGroup>
</Project>